
Microsoft Visual Studio Solution File, Format Version 12.00
# Visual Studio Version 17
VisualStudioVersion = 17.3.32804.467
MinimumVisualStudioVersion = 10.0.40219.1
Project("{FAE04EC0-301F-11D3-BF4B-00C04F79EFBC}") = "EmailSender", "EmailSender.csproj", "{1EF59208-328A-4A88-8D28-1D246BBCECBC}"
EndProject
Global
	GlobalSection(SolutionConfigurationPlatforms) = preSolution
		Debug|Any CPU = Debug|Any CPU
		Release|Any CPU = Release|Any CPU
	EndGlobalSection
	GlobalSection(ProjectConfigurationPlatforms) = postSolution
		{1EF59208-328A-4A88-8D28-1D246BBCECBC}.Debug|Any CPU.ActiveCfg = Debug|Any CPU
		{1EF59208-328A-4A88-8D28-1D246BBCECBC}.Debug|Any CPU.Build.0 = Debug|Any CPU
		{1EF59208-328A-4A88-8D28-1D246BBCECBC}.Release|Any CPU.ActiveCfg = Release|Any CPU
		{1EF59208-328A-4A88-8D28-1D246BBCECBC}.Release|Any CPU.Build.0 = Release|Any CPU
	EndGlobalSection
	GlobalSection(SolutionProperties) = preSolution
		HideSolutionNode = FALSE
	EndGlobalSection
	GlobalSection(ExtensibilityGlobals) = postSolution
		SolutionGuid = {F82E7D7D-F0F9-4154-A878-F72A4DECF076}
	EndGlobalSection
EndGlobal
